<?xml version="1.0" encoding="utf-8"?>
<Project ToolsVersion="4.0" xmlns="http://schemas.microsoft.com/developer/msbuild/2003">
  <ItemGroup>
    <ClCompile Include="dllmain.cpp" />
    <ClCompile Include="Hooking\hde32.c" />
    <ClCompile Include="Hooking\hde64.c" />
    <ClCompile Include="Hooking\memory_hook.cpp" />
    <ClCompile Include="Render\ImGui\imgui.cpp" />
    <ClCompile Include="Render\ImGui\imgui_demo.cpp" />
    <ClCompile Include="Render\ImGui\imgui_draw.cpp" />
    <ClCompile Include="Render\ImGui\imgui_impl_dx12.cpp" />
    <ClCompile Include="Render\ImGui\imgui_impl_win32.cpp" />
    <ClCompile Include="Render\ImGui\imgui_tables.cpp" />
    <ClCompile Include="Render\ImGui\imgui_widgets.cpp" />
  </ItemGroup>
  <ItemGroup>
    <ClInclude Include="Hooking\hde32.h" />
    <ClInclude Include="Hooking\hde64.h" />
    <ClInclude Include="Hooking\memory_hook.h" />
    <ClInclude Include="Hooking\table32.h" />
    <ClInclude Include="Hooking\table64.h" />
    <ClInclude Include="Render\ImGui\imconfig.h" />
    <ClInclude Include="Render\ImGui\imgui.h" />
    <ClInclude Include="Render\ImGui\imgui_impl_dx12.h" />
    <ClInclude Include="Render\ImGui\imgui_impl_win32.h" />
    <ClInclude Include="Render\ImGui\imgui_internal.h" />
    <ClInclude Include="Render\ImGui\imstb_rectpack.h" />
    <ClInclude Include="Render\ImGui\imstb_textedit.h" />
    <ClInclude Include="Render\ImGui\imstb_truetype.h" />
    <ClInclude Include="Utilities\globals.h" />
    <ClInclude Include="Utilities\log.h" />
    <ClInclude Include="Render\Globals.hpp" />
  </ItemGroup>
</Project>